{
    "version": 3,
    "terraform_version": "0.11.7",
    "serial": 6,
    "lineage": "8fe77592-acd6-d400-05b6-e209d539046b",
    "modules": [
        {
            "path": [
                "root"
            ],
            "outputs": {},
            "resources": {
                "digitalocean_domain.fixyourip": {
                    "type": "digitalocean_domain",
                    "depends_on": [
                        "digitalocean_floating_ip.srv1"
                    ],
                    "primary": {
                        "id": "fixyourip.com",
                        "attributes": {
                            "id": "fixyourip.com",
                            "ip_address": "45.55.125.200",
                            "name": "fixyourip.com"
                        },
                        "meta": {},
                        "tainted": false
                    },
                    "deposed": [],
                    "provider": "provider.digitalocean"
                },
                "digitalocean_droplet.srv1": {
                    "type": "digitalocean_droplet",
                    "depends_on": [],
                    "primary": {
                        "id": "90812154",
                        "attributes": {
                            "disk": "30",
                            "id": "90812154",
                            "image": "ubuntu-14-04-x64",
                            "ipv4_address": "104.131.89.202",
                            "locked": "false",
                            "name": "srv-3",
                            "price_hourly": "0.01488",
                            "price_monthly": "10",
                            "region": "nyc3",
                            "resize_disk": "true",
                            "size": "1gb",
                            "ssh_keys.#": "1",
                            "ssh_keys.0": "6c:3c:f2:57:ed:b6:56:56:91:d2:84:e2:06:c7:43:d6",
                            "status": "active",
                            "tags.#": "0",
                            "user_data": "#cloud-config\n\nbootcmd:\n    - useradd -m -c \"Deployment user\" deployuser -s /bin/bash\n\n# Adding a user automatically disables default ubuntu user\nusers:\n  - name: deployuser\n    groups: sudo\n    sudo: ['ALL=(ALL) NOPASSWD:ALL']\n    ssh-authorized-keys:\n      - ssh-rsa AAAAB3NzaC1yc2EAAAADAQABAAACAQDN+JBPWHbViSin0QhZwllakXSTjE+6memHlokEL4hKbIQIyETKv//iZVUCE1lDnc0uE73cDKS8HVHR4S3N2WWHzeuStWIDnirOHE4SW3GgeQfu1H1DikHf7E+PT8qJhQWtAYzEJyFf4vgPn/KuNhJFRWXmR3zK3gACZWP1ON9fymoBzi5MG9YM44JJnGoYM3CX7Aav/1DwIR5Sc1jRJ6uxJTsH1qv7EC81hjmvMAT+DscD5yx5yU28VJ3LM0p2RrRDaZcjXGYviXUoXufZl9MbKrsya9nRrL4wiUgECrgbkYy3XJNN4LYZT9oeRqqzyU3H9N33of7KhcR78fPbt6dxq56f+gSNHOsImTLPsbfKMoRg01j1Pi3ambAdBaA9XLKfCn4rCNXVmjJ8CGuYCf2SW8ur9DG/v43PVeZerhdQJ6Jgg6nilJoqUBA38B6cFFuyNkK1DH8wRq2b55khEEKCRUA3jcvz44N7VD4SJfWr9vDz0xlpUgKTMijDg3/5RHmS6yGfE9fw0CHucRMF1z6gYjyyjpPkDcceobnS+370efsF/qfKXao4bfkHm+vUSfZlz5KfuLjggYjZzmKTTM50oJyrHgcOpxUvqJH2OWKiTHX8bVdlh/amzrALqr1zCg0amMulKmU4K4ucGUwWUF/m6aMgwA42HtAHSEc35oF3GQ== oss@cmills-Kudu-Pro\n\n# install Ansible repository source\napt_sources:\n  - source: \"ppa:ansible/ansible\"\n\napt_upgrade: true\n\n# Installing packages will set apt_update to true\npackages:\n  - python\n  - python-pip\n  - software-properties-common\n  - ansible\n\nwrite_files:\n  - content: |\n      #!/usr/bin/env bash\n\n      DIGITALOCEAN=(Get Key From https://cloud.digitalocean.com/settings/api/tokens)\n      SLACK=(Get Key From https://my.slack.com/services/new/bot) \n\n      rm do.txt\n  \n      curl -sXGET \"https://api.digitalocean.com/v2/droplets\" \\\n       -H \"Authorization: Bearer $DIGITALOCEAN\" \\\n       -H \"Content-Type: application/json\" |\\\n       python -c 'import sys,json;data=json.loads(sys.stdin.read());\\\n                  print \"ID\\tName\\tIP\\tPrice\\n\";\\\n                  print \"\\n\".join([\"%s\\t%s\\t%s\\t$%s\"%(d[\"id\"],d[\"name\"],d[\"networks\"][\"v4\"][0][\"ip_address\"],d[\"size\"][\"price_monthly\"])\\\n                  for d in data[\"droplets\"]])'| column -t \u003e do.txt\n\n      curl -F file=@do.txt -F initial_comment=\"Running Droplets\" -F channels=#do -F token=$SLACK https://slack.com/api/files.upload\n    path: /home/deployuser/send_daily_droplet_notices.sh\n    owner: deployuser:deployuser\n    permissions: '0755'\n  - content: \"0 9 * * * /home/deployuser/send_daily_droplet_notices.sh\"\n    owner: deployuser:deployuser\n    path: /var/spool/cron/crontabs/deployuser\n   \n# Disable root login\ndisable_root: true\n",
                            "vcpus": "1"
                        },
                        "meta": {},
                        "tainted": false
                    },
                    "deposed": [],
                    "provider": "provider.digitalocean"
                },
                "digitalocean_floating_ip.srv1": {
                    "type": "digitalocean_floating_ip",
                    "depends_on": [
                        "digitalocean_droplet.srv1"
                    ],
                    "primary": {
                        "id": "45.55.125.200",
                        "attributes": {
                            "droplet_id": "90812154",
                            "id": "45.55.125.200",
                            "ip_address": "45.55.125.200",
                            "region": "nyc3"
                        },
                        "meta": {},
                        "tainted": false
                    },
                    "deposed": [],
                    "provider": "provider.digitalocean"
                },
                "digitalocean_record.fixyourip-mx": {
                    "type": "digitalocean_record",
                    "depends_on": [
                        "digitalocean_domain.fixyourip",
                        "digitalocean_floating_ip.srv1"
                    ],
                    "primary": {
                        "id": "41873489",
                        "attributes": {
                            "domain": "fixyourip.com",
                            "fqdn": "www.fixyourip.com",
                            "id": "41873489",
                            "name": "www",
                            "port": "0",
                            "priority": "0",
                            "ttl": "5",
                            "type": "A",
                            "value": "45.55.125.200",
                            "weight": "0"
                        },
                        "meta": {},
                        "tainted": false
                    },
                    "deposed": [],
                    "provider": "provider.digitalocean"
                }
            },
            "depends_on": []
        }
    ]
}
