{
    "version": 3,
    "terraform_version": "0.11.7",
    "serial": 27,
    "lineage": "bd104a22-5d1f-4871-8b40-2364fdea5606",
    "modules": [
        {
            "path": [
                "root"
            ],
            "outputs": {},
            "resources": {
                "digitalocean_domain.domain_name1": {
                    "type": "digitalocean_domain",
                    "depends_on": [
                        "digitalocean_droplet.www1"
                    ],
                    "primary": {
                        "id": "millsresidence.com",
                        "attributes": {
                            "id": "millsresidence.com",
                            "ip_address": "159.203.94.56",
                            "name": "millsresidence.com"
                        },
                        "meta": {},
                        "tainted": false
                    },
                    "deposed": [],
                    "provider": "provider.digitalocean"
                },
                "digitalocean_domain.domain_name2": {
                    "type": "digitalocean_domain",
                    "depends_on": [
                        "digitalocean_droplet.www1"
                    ],
                    "primary": {
                        "id": "toolsforthecloud.com",
                        "attributes": {
                            "id": "toolsforthecloud.com",
                            "ip_address": "159.203.94.56",
                            "name": "toolsforthecloud.com"
                        },
                        "meta": {},
                        "tainted": false
                    },
                    "deposed": [],
                    "provider": "provider.digitalocean"
                },
                "digitalocean_domain.domain_name3": {
                    "type": "digitalocean_domain",
                    "depends_on": [
                        "digitalocean_droplet.www1"
                    ],
                    "primary": {
                        "id": "becomeonewiththecode.com",
                        "attributes": {
                            "id": "becomeonewiththecode.com",
                            "ip_address": "159.203.94.56",
                            "name": "becomeonewiththecode.com"
                        },
                        "meta": {},
                        "tainted": false
                    },
                    "deposed": [],
                    "provider": "provider.digitalocean"
                },
                "digitalocean_domain.domain_name4": {
                    "type": "digitalocean_domain",
                    "depends_on": [
                        "digitalocean_droplet.www1"
                    ],
                    "primary": {
                        "id": "neatandfine.com",
                        "attributes": {
                            "id": "neatandfine.com",
                            "ip_address": "159.203.94.56",
                            "name": "neatandfine.com"
                        },
                        "meta": {},
                        "tainted": false
                    },
                    "deposed": [],
                    "provider": "provider.digitalocean"
                },
                "digitalocean_domain.domain_name6": {
                    "type": "digitalocean_domain",
                    "depends_on": [
                        "digitalocean_droplet.www1"
                    ],
                    "primary": {
                        "id": "opensitesolutions.com",
                        "attributes": {
                            "id": "opensitesolutions.com",
                            "ip_address": "159.203.94.56",
                            "name": "opensitesolutions.com"
                        },
                        "meta": {},
                        "tainted": false
                    },
                    "deposed": [],
                    "provider": "provider.digitalocean"
                },
                "digitalocean_droplet.www1": {
                    "type": "digitalocean_droplet",
                    "depends_on": [],
                    "primary": {
                        "id": "86353946",
                        "attributes": {
                            "disk": "30",
                            "id": "86353946",
                            "image": "ubuntu-14-04-x64",
                            "ipv4_address": "159.203.94.56",
                            "locked": "false",
                            "name": "web-server-1",
                            "price_hourly": "0.01488",
                            "price_monthly": "10",
                            "region": "nyc3",
                            "resize_disk": "true",
                            "size": "1gb",
                            "ssh_keys.#": "1",
                            "ssh_keys.0": "6c:3c:f2:57:ed:b6:56:56:91:d2:84:e2:06:c7:43:d6",
                            "status": "active",
                            "tags.#": "0",
                            "vcpus": "1"
                        },
                        "meta": {},
                        "tainted": false
                    },
                    "deposed": [],
                    "provider": "provider.digitalocean"
                },
                "digitalocean_floating_ip.www1": {
                    "type": "digitalocean_floating_ip",
                    "depends_on": [
                        "digitalocean_droplet.www1"
                    ],
                    "primary": {
                        "id": "138.197.56.132",
                        "attributes": {
                            "droplet_id": "86353946",
                            "id": "138.197.56.132",
                            "ip_address": "138.197.56.132",
                            "region": "nyc3"
                        },
                        "meta": {},
                        "tainted": false
                    },
                    "deposed": [],
                    "provider": "provider.digitalocean"
                },
                "digitalocean_record.domain_record1": {
                    "type": "digitalocean_record",
                    "depends_on": [
                        "digitalocean_domain.domain_name1",
                        "digitalocean_droplet.www1"
                    ],
                    "primary": {
                        "id": "38556439",
                        "attributes": {
                            "domain": "millsresidence.com",
                            "fqdn": "www.millsresidence.com",
                            "id": "38556439",
                            "name": "www",
                            "port": "0",
                            "priority": "0",
                            "ttl": "30",
                            "type": "A",
                            "value": "159.203.94.56",
                            "weight": "0"
                        },
                        "meta": {},
                        "tainted": false
                    },
                    "deposed": [],
                    "provider": "provider.digitalocean"
                },
                "digitalocean_record.domain_record2": {
                    "type": "digitalocean_record",
                    "depends_on": [
                        "digitalocean_domain.domain_name2",
                        "digitalocean_droplet.www1"
                    ],
                    "primary": {
                        "id": "38556437",
                        "attributes": {
                            "domain": "toolsforthecloud.com",
                            "fqdn": "www.toolsforthecloud.com",
                            "id": "38556437",
                            "name": "www",
                            "port": "0",
                            "priority": "0",
                            "ttl": "30",
                            "type": "A",
                            "value": "159.203.94.56",
                            "weight": "0"
                        },
                        "meta": {},
                        "tainted": false
                    },
                    "deposed": [],
                    "provider": "provider.digitalocean"
                },
                "digitalocean_record.domain_record3": {
                    "type": "digitalocean_record",
                    "depends_on": [
                        "digitalocean_domain.domain_name3",
                        "digitalocean_droplet.www1"
                    ],
                    "primary": {
                        "id": "38556438",
                        "attributes": {
                            "domain": "becomeonewiththecode.com",
                            "fqdn": "www.becomeonewiththecode.com",
                            "id": "38556438",
                            "name": "www",
                            "port": "0",
                            "priority": "0",
                            "ttl": "30",
                            "type": "A",
                            "value": "159.203.94.56",
                            "weight": "0"
                        },
                        "meta": {},
                        "tainted": false
                    },
                    "deposed": [],
                    "provider": "provider.digitalocean"
                },
                "digitalocean_record.domain_record4": {
                    "type": "digitalocean_record",
                    "depends_on": [
                        "digitalocean_domain.domain_name4",
                        "digitalocean_droplet.www1"
                    ],
                    "primary": {
                        "id": "38556836",
                        "attributes": {
                            "domain": "neatandfine.com",
                            "fqdn": "www.neatandfine.com",
                            "id": "38556836",
                            "name": "www",
                            "port": "0",
                            "priority": "0",
                            "ttl": "30",
                            "type": "A",
                            "value": "159.203.94.56",
                            "weight": "0"
                        },
                        "meta": {},
                        "tainted": false
                    },
                    "deposed": [],
                    "provider": "provider.digitalocean"
                },
                "digitalocean_record.domain_record6": {
                    "type": "digitalocean_record",
                    "depends_on": [
                        "digitalocean_domain.domain_name6",
                        "digitalocean_droplet.www1"
                    ],
                    "primary": {
                        "id": "38558689",
                        "attributes": {
                            "domain": "opensitesolutions.com",
                            "fqdn": "www.opensitesolutions.com",
                            "id": "38558689",
                            "name": "www",
                            "port": "0",
                            "priority": "0",
                            "ttl": "30",
                            "type": "A",
                            "value": "159.203.94.56",
                            "weight": "0"
                        },
                        "meta": {},
                        "tainted": false
                    },
                    "deposed": [],
                    "provider": "provider.digitalocean"
                }
            },
            "depends_on": []
        }
    ]
}
